
Microsoft Visual Studio Solution File, Format Version 12.00
# Visual Studio Version 16
VisualStudioVersion = 16.0.32002.261
MinimumVisualStudioVersion = 10.0.40219.1
Project("{FAE04EC0-301F-11D3-BF4B-00C04F79EFBC}") = "admin2", "e-Commerce-NumanStore.Admin\admin2.csproj", "{7B48A918-F74E-4E85-9314-A0ED05A98586}"
EndProject
Project("{E24C65DC-7377-472B-9ABA-BC803B73C61A}") = "e-Commerce-NumanStore.eCommerce", "e-Commerce-NumanStore.eCommerce\", "{3A4660B7-A1C7-403F-8DCC-2991B617EAB5}"
	ProjectSection(WebsiteProperties) = preProject
		TargetFrameworkMoniker = ".NETFramework,Version%3Dv4.7.2"
		Debug.AspNetCompiler.VirtualPath = "/localhost_64664"
		Debug.AspNetCompiler.PhysicalPath = "e-Commerce-NumanStore.eCommerce\"
		Debug.AspNetCompiler.TargetPath = "PrecompiledWeb\localhost_64664\"
		Debug.AspNetCompiler.Updateable = "true"
		Debug.AspNetCompiler.ForceOverwrite = "true"
		Debug.AspNetCompiler.FixedNames = "false"
		Debug.AspNetCompiler.Debug = "True"
		Release.AspNetCompiler.VirtualPath = "/localhost_64664"
		Release.AspNetCompiler.PhysicalPath = "e-Commerce-NumanStore.eCommerce\"
		Release.AspNetCompiler.TargetPath = "PrecompiledWeb\localhost_64664\"
		Release.AspNetCompiler.Updateable = "true"
		Release.AspNetCompiler.ForceOverwrite = "true"
		Release.AspNetCompiler.FixedNames = "false"
		Release.AspNetCompiler.Debug = "False"
		VWDPort = "64664"
		SlnRelativePath = "e-Commerce-NumanStore.eCommerce\"
	EndProjectSection
EndProject
Global
	GlobalSection(SolutionConfigurationPlatforms) = preSolution
		Debug|Any CPU = Debug|Any CPU
		Release|Any CPU = Release|Any CPU
	EndGlobalSection
	GlobalSection(ProjectConfigurationPlatforms) = postSolution
		{7B48A918-F74E-4E85-9314-A0ED05A98586}.Debug|Any CPU.ActiveCfg = Debug|Any CPU
		{7B48A918-F74E-4E85-9314-A0ED05A98586}.Debug|Any CPU.Build.0 = Debug|Any CPU
		{7B48A918-F74E-4E85-9314-A0ED05A98586}.Release|Any CPU.ActiveCfg = Release|Any CPU
		{7B48A918-F74E-4E85-9314-A0ED05A98586}.Release|Any CPU.Build.0 = Release|Any CPU
		{3A4660B7-A1C7-403F-8DCC-2991B617EAB5}.Debug|Any CPU.ActiveCfg = Debug|Any CPU
		{3A4660B7-A1C7-403F-8DCC-2991B617EAB5}.Debug|Any CPU.Build.0 = Debug|Any CPU
		{3A4660B7-A1C7-403F-8DCC-2991B617EAB5}.Release|Any CPU.ActiveCfg = Debug|Any CPU
		{3A4660B7-A1C7-403F-8DCC-2991B617EAB5}.Release|Any CPU.Build.0 = Debug|Any CPU
	EndGlobalSection
	GlobalSection(SolutionProperties) = preSolution
		HideSolutionNode = FALSE
	EndGlobalSection
	GlobalSection(ExtensibilityGlobals) = postSolution
		SolutionGuid = {0A9A97CB-1C94-4CAE-B25A-111A31F360C8}
	EndGlobalSection
EndGlobal
